
Microsoft Visual Studio Solution File, Format Version 12.00
# Visual Studio Version 16
VisualStudioVersion = 16.0.31313.79
MinimumVisualStudioVersion = 10.0.40219.1
Project("{FAE04EC0-301F-11D3-BF4B-00C04F79EFBC}") = "WebGame", "WebGame.csproj", "{3246BE65-72FB-44F3-98A2-B04ED4FD40B2}"
EndProject
Global
	GlobalSection(SolutionConfigurationPlatforms) = preSolution
		Debug|Any CPU = Debug|Any CPU
		Release|Any CPU = Release|Any CPU
	EndGlobalSection
	GlobalSection(ProjectConfigurationPlatforms) = postSolution
		{3246BE65-72FB-44F3-98A2-B04ED4FD40B2}.Debug|Any CPU.ActiveCfg = Debug|Any CPU
		{3246BE65-72FB-44F3-98A2-B04ED4FD40B2}.Debug|Any CPU.Build.0 = Debug|Any CPU
		{3246BE65-72FB-44F3-98A2-B04ED4FD40B2}.Release|Any CPU.ActiveCfg = Release|Any CPU
		{3246BE65-72FB-44F3-98A2-B04ED4FD40B2}.Release|Any CPU.Build.0 = Release|Any CPU
	EndGlobalSection
	GlobalSection(SolutionProperties) = preSolution
		HideSolutionNode = FALSE
	EndGlobalSection
	GlobalSection(ExtensibilityGlobals) = postSolution
		SolutionGuid = {157ADAC9-C4FC-43D8-BEF7-6863CC0BA5F9}
	EndGlobalSection
EndGlobal
